<?xml version="1.0" encoding="utf-8"?>
<Project ToolsVersion="4.0" xmlns="http://schemas.microsoft.com/developer/msbuild/2003">
  <ItemGroup>
    <Filter Include="资源文件">
      <UniqueIdentifier>{67DA6AB6-F800-4c08-8B7A-83BB121AAD01}</UniqueIdentifier>
      <Extensions>rc;ico;cur;bmp;dlg;rc2;rct;bin;rgs;gif;jpg;jpeg;jpe;resx;tiff;tif;png;wav;mfcribbon-ms</Extensions>
    </Filter>
    <Filter Include="Header">
      <UniqueIdentifier>{93995380-89BD-4b04-88EB-625FBE52EBFB}</UniqueIdentifier>
      <Extensions>h;hh;hpp;hxx;hm;inl;inc;ipp;xsd</Extensions>
    </Filter>
    <Filter Include="Source">
      <UniqueIdentifier>{4FC737F1-C7A5-4376-A066-2A32D752A2FF}</UniqueIdentifier>
      <Extensions>cpp;c;cc;cxx;def;odl;idl;hpj;bat;asm;asmx</Extensions>
    </Filter>
    <Filter Include="Header\InitialGuess">
      <UniqueIdentifier>{f52e0ac0-8b80-4bec-a3a1-58d2a9ccc031}</UniqueIdentifier>
    </Filter>
    <Filter Include="Header\Util">
      <UniqueIdentifier>{81085b14-5e70-4ef5-9edf-c03f9e4ad479}</UniqueIdentifier>
    </Filter>
    <Filter Include="Header\ICGN">
      <UniqueIdentifier>{7397e89c-c449-4b96-92ba-a4b084758ed5}</UniqueIdentifier>
    </Filter>
    <Filter Include="Source\InitialGuess">
      <UniqueIdentifier>{5ac82af1-fc4e-4271-86b3-d7e4cc478255}</UniqueIdentifier>
    </Filter>
    <Filter Include="Source\ICGN">
      <UniqueIdentifier>{f5f8f518-4fc1-4d5b-be0d-04f346cbcb62}</UniqueIdentifier>
    </Filter>
    <Filter Include="Source\Util">
      <UniqueIdentifier>{046bf40c-ec14-4c58-a50a-78907cf5ee0d}</UniqueIdentifier>
    </Filter>
    <Filter Include="Header\3party">
      <UniqueIdentifier>{74718bb1-f378-40bc-b95e-ba20bb16e0f2}</UniqueIdentifier>
    </Filter>
    <Filter Include="Source\3party">
      <UniqueIdentifier>{b9a75cea-33c6-4ed0-a454-68d4da87847d}</UniqueIdentifier>
    </Filter>
    <Filter Include="Header\3DSIFT">
      <UniqueIdentifier>{7a72a55f-136d-4a52-8f25-8fcf0fd61f7a}</UniqueIdentifier>
    </Filter>
    <Filter Include="Source\3DSIFT">
      <UniqueIdentifier>{f325170b-bc7b-495b-8f0d-fad2ed77e795}</UniqueIdentifier>
    </Filter>
    <Filter Include="Header\3DSIFT\Util">
      <UniqueIdentifier>{8bfe1ce0-404f-488f-801b-a307862a5daa}</UniqueIdentifier>
    </Filter>
    <Filter Include="Source\3DSIFT\Util">
      <UniqueIdentifier>{5c3ed0b2-ee4f-4d77-9e9e-97d4e3095791}</UniqueIdentifier>
    </Filter>
  </ItemGroup>
  <ItemGroup>
    <ClInclude Include="Include\matrixIO3D.h">
      <Filter>Header</Filter>
    </ClInclude>
    <ClInclude Include="Include\mulDVC.h">
      <Filter>Header</Filter>
    </ClInclude>
    <ClInclude Include="Include\POI.h">
      <Filter>Header</Filter>
    </ClInclude>
    <ClInclude Include="Include\Spline.h">
      <Filter>Header</Filter>
    </ClInclude>
    <ClInclude Include="Include\FitFormula.h">
      <Filter>Header\InitialGuess</Filter>
    </ClInclude>
    <ClInclude Include="Include\FFTCC.h">
      <Filter>Header\InitialGuess</Filter>
    </ClInclude>
    <ClInclude Include="Include\compute.h">
      <Filter>Header\Util</Filter>
    </ClInclude>
    <ClInclude Include="Include\conf.h">
      <Filter>Header\Util</Filter>
    </ClInclude>
    <ClInclude Include="Include\PriorityQueue.h">
      <Filter>Header\Util</Filter>
    </ClInclude>
    <ClInclude Include="Include\MemManager.h">
      <Filter>Header\Util</Filter>
    </ClInclude>
    <ClInclude Include="Include\ICGN.h">
      <Filter>Header\ICGN</Filter>
    </ClInclude>
    <ClInclude Include="Include\kdTreeUtil.h">
      <Filter>Header\Util</Filter>
    </ClInclude>
    <ClInclude Include="3party\kdTree\kdtree.h">
      <Filter>Header\3party</Filter>
    </ClInclude>
    <ClInclude Include="3DSIFT\3DSIFT_mt\Include\cMatcher.h">
      <Filter>Header\3DSIFT</Filter>
    </ClInclude>
    <ClInclude Include="3DSIFT\3DSIFT_mt\Include\cSIFT3D.h">
      <Filter>Header\3DSIFT</Filter>
    </ClInclude>
    <ClInclude Include="3DSIFT\3DSIFT_mt\Include\cUtil.h">
      <Filter>Header\3DSIFT</Filter>
    </ClInclude>
    <ClInclude Include="3DSIFT\3DSIFT_mt\Include\Util\cMemManager.h">
      <Filter>Header\3DSIFT\Util</Filter>
    </ClInclude>
    <ClInclude Include="3DSIFT\3DSIFT_mt\Include\Util\common.h">
      <Filter>Header\3DSIFT\Util</Filter>
    </ClInclude>
    <ClInclude Include="3DSIFT\3DSIFT_mt\Include\Util\cTexImage.h">
      <Filter>Header\3DSIFT\Util</Filter>
    </ClInclude>
    <ClInclude Include="3DSIFT\3DSIFT_mt\Include\Util\matrixIO3D.h">
      <Filter>Header\3DSIFT\Util</Filter>
    </ClInclude>
    <ClInclude Include="3DSIFT\3DSIFT_mt\Include\Util\SiftTime.h">
      <Filter>Header\3DSIFT\Util</Filter>
    </ClInclude>
  </ItemGroup>
  <ItemGroup>
    <ClCompile Include="Src\matrixIO3D.cpp">
      <Filter>Source</Filter>
    </ClCompile>
    <ClCompile Include="Src\mulDVC.cpp">
      <Filter>Source</Filter>
    </ClCompile>
    <ClCompile Include="Src\POI.cpp">
      <Filter>Source</Filter>
    </ClCompile>
    <ClCompile Include="Src\main.cpp" />
    <ClCompile Include="Src\FFTCC.cpp">
      <Filter>Source\InitialGuess</Filter>
    </ClCompile>
    <ClCompile Include="Src\FitFormula.cpp">
      <Filter>Source\InitialGuess</Filter>
    </ClCompile>
    <ClCompile Include="Src\ICGN.cpp">
      <Filter>Source\ICGN</Filter>
    </ClCompile>
    <ClCompile Include="Src\PriorityQueue.cpp">
      <Filter>Source\Util</Filter>
    </ClCompile>
    <ClCompile Include="Src\kdTreeUtil.cpp">
      <Filter>Source\Util</Filter>
    </ClCompile>
    <ClCompile Include="3party\kdTree\kdtree.cpp">
      <Filter>Source\3party</Filter>
    </ClCompile>
    <ClCompile Include="3DSIFT\3DSIFT_mt\Src\cUtil.cc">
      <Filter>Source\3DSIFT</Filter>
    </ClCompile>
    <ClCompile Include="3DSIFT\3DSIFT_mt\Src\cSIFT3D.cc">
      <Filter>Source\3DSIFT</Filter>
    </ClCompile>
    <ClCompile Include="3DSIFT\3DSIFT_mt\Src\cMatcher.cc">
      <Filter>Source\3DSIFT</Filter>
    </ClCompile>
    <ClCompile Include="3DSIFT\3DSIFT_mt\Src\Util\common.cpp">
      <Filter>Source\3DSIFT\Util</Filter>
    </ClCompile>
    <ClCompile Include="3DSIFT\3DSIFT_mt\Src\Util\cTexImage.cc">
      <Filter>Source\3DSIFT\Util</Filter>
    </ClCompile>
    <ClCompile Include="3DSIFT\3DSIFT_mt\Src\Util\matrixIO3D.cpp">
      <Filter>Source\3DSIFT\Util</Filter>
    </ClCompile>
  </ItemGroup>
</Project>